// !$*UTF8*$!
{
	archiveVersion = 1;
	classes = {
	};
	objectVersion = 55;
	objects = {

/* Begin PBXBuildFile section */
		012BB77127DDB646008298F5 /* chair.usdz in Resources */ = {isa = PBXBuildFile; fileRef = 012BB76F27DDB646008298F5 /* chair.usdz */; };
		012BB77227DDB646008298F5 /* dragon.usdz in Resources */ = {isa = PBXBuildFile; fileRef = 012BB77027DDB646008298F5 /* dragon.usdz */; };
		016CD80927DACD96006260B2 /* AboutUsView.swift in Sources */ = {isa = PBXBuildFile; fileRef = 016CD80827DACD96006260B2 /* AboutUsView.swift */; };
		016CD80B27DAD2B9006260B2 /* Person.swift in Sources */ = {isa = PBXBuildFile; fileRef = 016CD80A27DAD2B9006260B2 /* Person.swift */; };
		016CD80D27DADFC0006260B2 /* TopLogoBar.swift in Sources */ = {isa = PBXBuildFile; fileRef = 016CD80C27DADFC0006260B2 /* TopLogoBar.swift */; };
		016CD80F27DB09B5006260B2 /* HomePageView.swift in Sources */ = {isa = PBXBuildFile; fileRef = 016CD80E27DB09B5006260B2 /* HomePageView.swift */; };
		017AD54A27D9B8E200DB6E5A /* LoadingView.swift in Sources */ = {isa = PBXBuildFile; fileRef = 017AD54927D9B8E200DB6E5A /* LoadingView.swift */; };
		01C8298D280A9C8E004DE535 /* MultipartForm in Frameworks */ = {isa = PBXBuildFile; productRef = 01C8298C280A9C8E004DE535 /* MultipartForm */; };
		01C8298F280A9FB7004DE535 /* HomePageV2.swift in Sources */ = {isa = PBXBuildFile; fileRef = 01C8298E280A9FB7004DE535 /* HomePageV2.swift */; };
		01C82994280AA019004DE535 /* MultipartForm in Frameworks */ = {isa = PBXBuildFile; productRef = 01C82993280AA019004DE535 /* MultipartForm */; };
		01C82996280AA044004DE535 /* PersonCard.swift in Sources */ = {isa = PBXBuildFile; fileRef = 01C82995280AA044004DE535 /* PersonCard.swift */; };
		01C82998280AA060004DE535 /* InfoAlertView.swift in Sources */ = {isa = PBXBuildFile; fileRef = 01C82997280AA060004DE535 /* InfoAlertView.swift */; };
		4628978A27D742930080E663 /* TabBar.swift in Sources */ = {isa = PBXBuildFile; fileRef = 4628978927D742930080E663 /* TabBar.swift */; };
		4628978E27D958B50080E663 /* TabCurve.swift in Sources */ = {isa = PBXBuildFile; fileRef = 4628978D27D958B50080E663 /* TabCurve.swift */; };
		4628979B27DAB3F00080E663 /* CameraView.swift in Sources */ = {isa = PBXBuildFile; fileRef = 4628979A27DAB3F00080E663 /* CameraView.swift */; };
		46449D2D27D616A700633CAE /* ScannerAppApp.swift in Sources */ = {isa = PBXBuildFile; fileRef = 46449D2C27D616A700633CAE /* ScannerAppApp.swift */; };
		46449D2F27D616A700633CAE /* MenuView.swift in Sources */ = {isa = PBXBuildFile; fileRef = 46449D2E27D616A700633CAE /* MenuView.swift */; };
		46449D3127D616A700633CAE /* Assets.xcassets in Resources */ = {isa = PBXBuildFile; fileRef = 46449D3027D616A700633CAE /* Assets.xcassets */; };
		46449D3427D616A700633CAE /* Preview Assets.xcassets in Resources */ = {isa = PBXBuildFile; fileRef = 46449D3327D616A700633CAE /* Preview Assets.xcassets */; };
		46449D3E27D616A700633CAE /* ScannerAppTests.swift in Sources */ = {isa = PBXBuildFile; fileRef = 46449D3D27D616A700633CAE /* ScannerAppTests.swift */; };
		46449D4827D616A700633CAE /* ScannerAppUITests.swift in Sources */ = {isa = PBXBuildFile; fileRef = 46449D4727D616A700633CAE /* ScannerAppUITests.swift */; };
		46449D4A27D616A700633CAE /* ScannerAppUITestsLaunchTests.swift in Sources */ = {isa = PBXBuildFile; fileRef = 46449D4927D616A700633CAE /* ScannerAppUITestsLaunchTests.swift */; };
		46449D5727D6170A00633CAE /* Model.swift in Sources */ = {isa = PBXBuildFile; fileRef = 46449D5627D6170A00633CAE /* Model.swift */; };
		46449D5927D6173500633CAE /* ModelListView.swift in Sources */ = {isa = PBXBuildFile; fileRef = 46449D5827D6173500633CAE /* ModelListView.swift */; };
		46449D6027D6189F00633CAE /* README.md in Resources */ = {isa = PBXBuildFile; fileRef = 46449D5F27D6189F00633CAE /* README.md */; };
		46632A41281409320000BB08 /* PostResponse.swift in Sources */ = {isa = PBXBuildFile; fileRef = 46632A40281409320000BB08 /* PostResponse.swift */; };
		466BEE342814F51A00F5B4FD /* DeleteResponse.swift in Sources */ = {isa = PBXBuildFile; fileRef = 466BEE332814F51A00F5B4FD /* DeleteResponse.swift */; };
		467E9C272806BB6E00BA4261 /* ModelList.swift in Sources */ = {isa = PBXBuildFile; fileRef = 467E9C262806BB6E00BA4261 /* ModelList.swift */; };
		467E9C292808145100BA4261 /* ModelDetailView.swift in Sources */ = {isa = PBXBuildFile; fileRef = 467E9C282808145100BA4261 /* ModelDetailView.swift */; };
		467E9C2B28092D4500BA4261 /* UploadModelForm.swift in Sources */ = {isa = PBXBuildFile; fileRef = 467E9C2A28092D4500BA4261 /* UploadModelForm.swift */; };
		467E9C2D280968BE00BA4261 /* InstructionView.swift in Sources */ = {isa = PBXBuildFile; fileRef = 467E9C2C280968BE00BA4261 /* InstructionView.swift */; };
		467E9C2F2809733100BA4261 /* Tab.swift in Sources */ = {isa = PBXBuildFile; fileRef = 467E9C2E2809733100BA4261 /* Tab.swift */; };
		467E9C3128097DBD00BA4261 /* LazyView.swift in Sources */ = {isa = PBXBuildFile; fileRef = 467E9C3028097DBD00BA4261 /* LazyView.swift */; };
		467FCD242802DB8000D63964 /* MultiPartFormData.swift in Sources */ = {isa = PBXBuildFile; fileRef = 467FCD232802DB8000D63964 /* MultiPartFormData.swift */; };
		4699FE8727DEE2A500B83A72 /* NavigateRowView.swift in Sources */ = {isa = PBXBuildFile; fileRef = 4699FE8627DEE2A500B83A72 /* NavigateRowView.swift */; };
		46A7940C27FAA93A0054B0B2 /* ImagePicker.swift in Sources */ = {isa = PBXBuildFile; fileRef = 46A7940B27FAA93A0054B0B2 /* ImagePicker.swift */; };
		46C474A327DDAAD1006075DB /* SettingView.swift in Sources */ = {isa = PBXBuildFile; fileRef = 46C474A227DDAAD1006075DB /* SettingView.swift */; };
		46C474A527DDB631006075DB /* RowView.swift in Sources */ = {isa = PBXBuildFile; fileRef = 46C474A427DDB631006075DB /* RowView.swift */; };
		46E534FE2811519100C569F0 /* HtmlWebView.swift in Sources */ = {isa = PBXBuildFile; fileRef = 46E534FD2811519100C569F0 /* HtmlWebView.swift */; };
		46E535222811594800C569F0 /* index-2.html in Resources */ = {isa = PBXBuildFile; fileRef = 46E535052811592600C569F0 /* index-2.html */; };
		46E535232811594800C569F0 /* model.ply in Resources */ = {isa = PBXBuildFile; fileRef = 46E535062811592600C569F0 /* model.ply */; };
		46E535242811594800C569F0 /* index.html in Resources */ = {isa = PBXBuildFile; fileRef = 46E535072811592600C569F0 /* index.html */; };
		46E65A01280A6FB700D86DF9 /* ListItem.swift in Sources */ = {isa = PBXBuildFile; fileRef = 46E65A00280A6FB700D86DF9 /* ListItem.swift */; };
		46E65A0E2810096400D86DF9 /* TranscationsData.swift in Sources */ = {isa = PBXBuildFile; fileRef = 46E65A0D2810096400D86DF9 /* TranscationsData.swift */; };
		46E995B02812561300534961 /* ModelInfoRow.swift in Sources */ = {isa = PBXBuildFile; fileRef = 46E995AF2812561300534961 /* ModelInfoRow.swift */; };
		46E995B22812BB6400534961 /* QueryUserResponse.swift in Sources */ = {isa = PBXBuildFile; fileRef = 46E995B12812BB6400534961 /* QueryUserResponse.swift */; };
		46F6FDA027E2B7D90084CD30 /* UploadModelView.swift in Sources */ = {isa = PBXBuildFile; fileRef = 46F6FD9F27E2B7D90084CD30 /* UploadModelView.swift */; };
/* End PBXBuildFile section */

/* Begin PBXContainerItemProxy section */
		46449D3A27D616A700633CAE /* PBXContainerItemProxy */ = {
			isa = PBXContainerItemProxy;
			containerPortal = 46449D2127D616A700633CAE /* Project object */;
			proxyType = 1;
			remoteGlobalIDString = 46449D2827D616A700633CAE;
			remoteInfo = ScannerApp;
		};
		46449D4427D616A700633CAE /* PBXContainerItemProxy */ = {
			isa = PBXContainerItemProxy;
			containerPortal = 46449D2127D616A700633CAE /* Project object */;
			proxyType = 1;
			remoteGlobalIDString = 46449D2827D616A700633CAE;
			remoteInfo = ScannerApp;
		};
/* End PBXContainerItemProxy section */

/* Begin PBXFileReference section */
		012BB76F27DDB646008298F5 /* chair.usdz */ = {isa = PBXFileReference; lastKnownFileType = file.usdz; path = chair.usdz; sourceTree = "<group>"; };
		012BB77027DDB646008298F5 /* dragon.usdz */ = {isa = PBXFileReference; lastKnownFileType = file.usdz; path = dragon.usdz; sourceTree = "<group>"; };
		016CD80827DACD96006260B2 /* AboutUsView.swift */ = {isa = PBXFileReference; lastKnownFileType = sourcecode.swift; path = AboutUsView.swift; sourceTree = "<group>"; };
		016CD80A27DAD2B9006260B2 /* Person.swift */ = {isa = PBXFileReference; lastKnownFileType = sourcecode.swift; path = Person.swift; sourceTree = "<group>"; };
		016CD80C27DADFC0006260B2 /* TopLogoBar.swift */ = {isa = PBXFileReference; lastKnownFileType = sourcecode.swift; path = TopLogoBar.swift; sourceTree = "<group>"; };
		016CD80E27DB09B5006260B2 /* HomePageView.swift */ = {isa = PBXFileReference; lastKnownFileType = sourcecode.swift; path = HomePageView.swift; sourceTree = "<group>"; };
		017AD54927D9B8E200DB6E5A /* LoadingView.swift */ = {isa = PBXFileReference; lastKnownFileType = sourcecode.swift; path = LoadingView.swift; sourceTree = "<group>"; };
		01C8298E280A9FB7004DE535 /* HomePageV2.swift */ = {isa = PBXFileReference; lastKnownFileType = sourcecode.swift; path = HomePageV2.swift; sourceTree = "<group>"; };
		01C82995280AA044004DE535 /* PersonCard.swift */ = {isa = PBXFileReference; lastKnownFileType = sourcecode.swift; path = PersonCard.swift; sourceTree = "<group>"; };
		01C82997280AA060004DE535 /* InfoAlertView.swift */ = {isa = PBXFileReference; lastKnownFileType = sourcecode.swift; path = InfoAlertView.swift; sourceTree = "<group>"; };
		4628978927D742930080E663 /* TabBar.swift */ = {isa = PBXFileReference; lastKnownFileType = sourcecode.swift; path = TabBar.swift; sourceTree = "<group>"; };
		4628978D27D958B50080E663 /* TabCurve.swift */ = {isa = PBXFileReference; lastKnownFileType = sourcecode.swift; path = TabCurve.swift; sourceTree = "<group>"; };
		4628979A27DAB3F00080E663 /* CameraView.swift */ = {isa = PBXFileReference; lastKnownFileType = sourcecode.swift; path = CameraView.swift; sourceTree = "<group>"; };
		46449D2927D616A700633CAE /* ScannerApp.app */ = {isa = PBXFileReference; explicitFileType = wrapper.application; includeInIndex = 0; path = ScannerApp.app; sourceTree = BUILT_PRODUCTS_DIR; };
		46449D2C27D616A700633CAE /* ScannerAppApp.swift */ = {isa = PBXFileReference; lastKnownFileType = sourcecode.swift; path = ScannerAppApp.swift; sourceTree = "<group>"; };
		46449D2E27D616A700633CAE /* MenuView.swift */ = {isa = PBXFileReference; lastKnownFileType = sourcecode.swift; path = MenuView.swift; sourceTree = "<group>"; };
		46449D3027D616A700633CAE /* Assets.xcassets */ = {isa = PBXFileReference; lastKnownFileType = folder.assetcatalog; path = Assets.xcassets; sourceTree = "<group>"; };
		46449D3327D616A700633CAE /* Preview Assets.xcassets */ = {isa = PBXFileReference; lastKnownFileType = folder.assetcatalog; path = "Preview Assets.xcassets"; sourceTree = "<group>"; };
		46449D3927D616A700633CAE /* ScannerAppTests.xctest */ = {isa = PBXFileReference; explicitFileType = wrapper.cfbundle; includeInIndex = 0; path = ScannerAppTests.xctest; sourceTree = BUILT_PRODUCTS_DIR; };
		46449D3D27D616A700633CAE /* ScannerAppTests.swift */ = {isa = PBXFileReference; lastKnownFileType = sourcecode.swift; path = ScannerAppTests.swift; sourceTree = "<group>"; };
		46449D4327D616A700633CAE /* ScannerAppUITests.xctest */ = {isa = PBXFileReference; explicitFileType = wrapper.cfbundle; includeInIndex = 0; path = ScannerAppUITests.xctest; sourceTree = BUILT_PRODUCTS_DIR; };
		46449D4727D616A700633CAE /* ScannerAppUITests.swift */ = {isa = PBXFileReference; lastKnownFileType = sourcecode.swift; path = ScannerAppUITests.swift; sourceTree = "<group>"; };
		46449D4927D616A700633CAE /* ScannerAppUITestsLaunchTests.swift */ = {isa = PBXFileReference; lastKnownFileType = sourcecode.swift; path = ScannerAppUITestsLaunchTests.swift; sourceTree = "<group>"; };
		46449D5627D6170A00633CAE /* Model.swift */ = {isa = PBXFileReference; lastKnownFileType = sourcecode.swift; path = Model.swift; sourceTree = "<group>"; };
		46449D5827D6173500633CAE /* ModelListView.swift */ = {isa = PBXFileReference; lastKnownFileType = sourcecode.swift; path = ModelListView.swift; sourceTree = "<group>"; };
		46449D5F27D6189F00633CAE /* README.md */ = {isa = PBXFileReference; fileEncoding = 4; lastKnownFileType = net.daringfireball.markdown; path = README.md; sourceTree = "<group>"; };
		46632A40281409320000BB08 /* PostResponse.swift */ = {isa = PBXFileReference; lastKnownFileType = sourcecode.swift; path = PostResponse.swift; sourceTree = "<group>"; };
		466BEE332814F51A00F5B4FD /* DeleteResponse.swift */ = {isa = PBXFileReference; lastKnownFileType = sourcecode.swift; path = DeleteResponse.swift; sourceTree = "<group>"; };
		467E9C262806BB6E00BA4261 /* ModelList.swift */ = {isa = PBXFileReference; lastKnownFileType = sourcecode.swift; path = ModelList.swift; sourceTree = "<group>"; };
		467E9C282808145100BA4261 /* ModelDetailView.swift */ = {isa = PBXFileReference; lastKnownFileType = sourcecode.swift; path = ModelDetailView.swift; sourceTree = "<group>"; };
		467E9C2A28092D4500BA4261 /* UploadModelForm.swift */ = {isa = PBXFileReference; lastKnownFileType = sourcecode.swift; path = UploadModelForm.swift; sourceTree = "<group>"; };
		467E9C2C280968BE00BA4261 /* InstructionView.swift */ = {isa = PBXFileReference; lastKnownFileType = sourcecode.swift; path = InstructionView.swift; sourceTree = "<group>"; };
		467E9C2E2809733100BA4261 /* Tab.swift */ = {isa = PBXFileReference; lastKnownFileType = sourcecode.swift; path = Tab.swift; sourceTree = "<group>"; };
		467E9C3028097DBD00BA4261 /* LazyView.swift */ = {isa = PBXFileReference; lastKnownFileType = sourcecode.swift; path = LazyView.swift; sourceTree = "<group>"; };
		467FCD232802DB8000D63964 /* MultiPartFormData.swift */ = {isa = PBXFileReference; lastKnownFileType = sourcecode.swift; path = MultiPartFormData.swift; sourceTree = "<group>"; };
		4699FE8627DEE2A500B83A72 /* NavigateRowView.swift */ = {isa = PBXFileReference; lastKnownFileType = sourcecode.swift; path = NavigateRowView.swift; sourceTree = "<group>"; };
		46A7940B27FAA93A0054B0B2 /* ImagePicker.swift */ = {isa = PBXFileReference; lastKnownFileType = sourcecode.swift; path = ImagePicker.swift; sourceTree = "<group>"; };
		46C474A227DDAAD1006075DB /* SettingView.swift */ = {isa = PBXFileReference; lastKnownFileType = sourcecode.swift; path = SettingView.swift; sourceTree = "<group>"; };
		46C474A427DDB631006075DB /* RowView.swift */ = {isa = PBXFileReference; lastKnownFileType = sourcecode.swift; path = RowView.swift; sourceTree = "<group>"; };
		46E534FD2811519100C569F0 /* HtmlWebView.swift */ = {isa = PBXFileReference; lastKnownFileType = sourcecode.swift; path = HtmlWebView.swift; sourceTree = "<group>"; };
		46E535052811592600C569F0 /* index-2.html */ = {isa = PBXFileReference; lastKnownFileType = text.html; path = "index-2.html"; sourceTree = "<group>"; };
		46E535062811592600C569F0 /* model.ply */ = {isa = PBXFileReference; lastKnownFileType = text; path = model.ply; sourceTree = "<group>"; };
		46E535072811592600C569F0 /* index.html */ = {isa = PBXFileReference; lastKnownFileType = text.html; path = index.html; sourceTree = "<group>"; };
		46E5350A2811592600C569F0 /* Quicksand-Regular.ttf */ = {isa = PBXFileReference; lastKnownFileType = file; path = "Quicksand-Regular.ttf"; sourceTree = "<group>"; };
		46E5350B2811592600C569F0 /* o3dv.website.min707e.js */ = {isa = PBXFileReference; lastKnownFileType = sourcecode.javascript; path = o3dv.website.min707e.js; sourceTree = "<group>"; };
		46E5350C2811592600C569F0 /* o3dv.website.min707e.css */ = {isa = PBXFileReference; lastKnownFileType = text.css; path = o3dv.website.min707e.css; sourceTree = "<group>"; };
		46E5350E2811592600C569F0 /* checkmark.svg */ = {isa = PBXFileReference; lastKnownFileType = text.xml; path = checkmark.svg; sourceTree = "<group>"; };
		46E5350F2811592600C569F0 /* O3DVIconsadef.woff */ = {isa = PBXFileReference; lastKnownFileType = file; path = O3DVIconsadef.woff; sourceTree = "<group>"; };
		46E535112811592600C569F0 /* pickr.monolith.min707e.css */ = {isa = PBXFileReference; lastKnownFileType = text.css; path = pickr.monolith.min707e.css; sourceTree = "<group>"; };
		46E535122811592600C569F0 /* three.min707e.js */ = {isa = PBXFileReference; lastKnownFileType = sourcecode.javascript; path = three.min707e.js; sourceTree = "<group>"; };
		46E535132811592600C569F0 /* pickr.es5.min707e.js */ = {isa = PBXFileReference; lastKnownFileType = sourcecode.javascript; path = pickr.es5.min707e.js; sourceTree = "<group>"; };
		46E535152811592600C569F0 /* .html */ = {isa = PBXFileReference; lastKnownFileType = text; path = .html; sourceTree = "<group>"; };
		46E535162811592600C569F0 /* index.html */ = {isa = PBXFileReference; lastKnownFileType = text.html; path = index.html; sourceTree = "<group>"; };
		46E535172811592600C569F0 /* info.css */ = {isa = PBXFileReference; lastKnownFileType = text.css; path = info.css; sourceTree = "<group>"; };
		46E535182811592600C569F0 /* cookies.html */ = {isa = PBXFileReference; lastKnownFileType = text.html; path = cookies.html; sourceTree = "<group>"; };
		46E535192811592600C569F0 /* O3DVIconsadef.woff */ = {isa = PBXFileReference; lastKnownFileType = file; path = O3DVIconsadef.woff; sourceTree = "<group>"; };
		46E5351A2811592600C569F0 /* icons.css */ = {isa = PBXFileReference; lastKnownFileType = text.css; path = icons.css; sourceTree = "<group>"; };
		46E5351B2811592600C569F0 /* faq.html */ = {isa = PBXFileReference; lastKnownFileType = text.html; path = faq.html; sourceTree = "<group>"; };
		46E5351E2811592600C569F0 /* 3dviewer_net_logo_text.svg */ = {isa = PBXFileReference; lastKnownFileType = text.xml; path = 3dviewer_net_logo_text.svg; sourceTree = "<group>"; };
		46E5351F2811592600C569F0 /* 3dviewer_net_logo_social.png */ = {isa = PBXFileReference; lastKnownFileType = image.png; path = 3dviewer_net_logo_social.png; sourceTree = "<group>"; };
		46E535202811592600C569F0 /* 3dviewer_net_logo.svg */ = {isa = PBXFileReference; lastKnownFileType = text.xml; path = 3dviewer_net_logo.svg; sourceTree = "<group>"; };
		46E535212811592600C569F0 /* 3dviewer_net_favicon.ico */ = {isa = PBXFileReference; lastKnownFileType = image.ico; path = 3dviewer_net_favicon.ico; sourceTree = "<group>"; };
		46E65A00280A6FB700D86DF9 /* ListItem.swift */ = {isa = PBXFileReference; lastKnownFileType = sourcecode.swift; path = ListItem.swift; sourceTree = "<group>"; };
		46E65A0D2810096400D86DF9 /* TranscationsData.swift */ = {isa = PBXFileReference; lastKnownFileType = sourcecode.swift; path = TranscationsData.swift; sourceTree = "<group>"; };
		46E995AF2812561300534961 /* ModelInfoRow.swift */ = {isa = PBXFileReference; lastKnownFileType = sourcecode.swift; path = ModelInfoRow.swift; sourceTree = "<group>"; };
		46E995B12812BB6400534961 /* QueryUserResponse.swift */ = {isa = PBXFileReference; lastKnownFileType = sourcecode.swift; path = QueryUserResponse.swift; sourceTree = "<group>"; };
		46F6FD9F27E2B7D90084CD30 /* UploadModelView.swift */ = {isa = PBXFileReference; lastKnownFileType = sourcecode.swift; path = UploadModelView.swift; sourceTree = "<group>"; };
/* End PBXFileReference section */

/* Begin PBXFrameworksBuildPhase section */
		46449D2627D616A700633CAE /* Frameworks */ = {
			isa = PBXFrameworksBuildPhase;
			buildActionMask = 2147483647;
			files = (
				01C8298D280A9C8E004DE535 /* MultipartForm in Frameworks */,
				01C82994280AA019004DE535 /* MultipartForm in Frameworks */,
			);
			runOnlyForDeploymentPostprocessing = 0;
		};
		46449D3627D616A700633CAE /* Frameworks */ = {
			isa = PBXFrameworksBuildPhase;
			buildActionMask = 2147483647;
			files = (
			);
			runOnlyForDeploymentPostprocessing = 0;
		};
		46449D4027D616A700633CAE /* Frameworks */ = {
			isa = PBXFrameworksBuildPhase;
			buildActionMask = 2147483647;
			files = (
			);
			runOnlyForDeploymentPostprocessing = 0;
		};
/* End PBXFrameworksBuildPhase section */

/* Begin PBXGroup section */
		012BB77627DDD4E9008298F5 /* Recovered References */ = {
			isa = PBXGroup;
			children = (
				012BB76F27DDB646008298F5 /* chair.usdz */,
				012BB77027DDB646008298F5 /* dragon.usdz */,
			);
			name = "Recovered References";
			sourceTree = "<group>";
		};
		017AD54427D9B7F400DB6E5A /* View */ = {
			isa = PBXGroup;
			children = (
				46449D2E27D616A700633CAE /* MenuView.swift */,
				46449D5827D6173500633CAE /* ModelListView.swift */,
				017AD54927D9B8E200DB6E5A /* LoadingView.swift */,
				016CD80827DACD96006260B2 /* AboutUsView.swift */,
				016CD80E27DB09B5006260B2 /* HomePageView.swift */,
				4628979A27DAB3F00080E663 /* CameraView.swift */,
				46C474A227DDAAD1006075DB /* SettingView.swift */,
				46F6FD9F27E2B7D90084CD30 /* UploadModelView.swift */,
				467E9C282808145100BA4261 /* ModelDetailView.swift */,
				467E9C2C280968BE00BA4261 /* InstructionView.swift */,
				01C8298E280A9FB7004DE535 /* HomePageV2.swift */,
			);
			path = View;
			sourceTree = "<group>";
		};
		4628978B27D745F80080E663 /* Helper */ = {
			isa = PBXGroup;
			children = (
				46E65A00280A6FB700D86DF9 /* ListItem.swift */,
				467E9C2A28092D4500BA4261 /* UploadModelForm.swift */,
				467FCD232802DB8000D63964 /* MultiPartFormData.swift */,
				46A7940B27FAA93A0054B0B2 /* ImagePicker.swift */,
				4699FE8627DEE2A500B83A72 /* NavigateRowView.swift */,
				016CD80C27DADFC0006260B2 /* TopLogoBar.swift */,
				46C474A427DDB631006075DB /* RowView.swift */,
				467E9C3028097DBD00BA4261 /* LazyView.swift */,
				01C82995280AA044004DE535 /* PersonCard.swift */,
				01C82997280AA060004DE535 /* InfoAlertView.swift */,
				46E995AF2812561300534961 /* ModelInfoRow.swift */,
				46E534FD2811519100C569F0 /* HtmlWebView.swift */,
				4628978C27D958A20080E663 /* TabBar */,
			);
			path = Helper;
			sourceTree = "<group>";
		};
		4628978C27D958A20080E663 /* TabBar */ = {
			isa = PBXGroup;
			children = (
				4628978927D742930080E663 /* TabBar.swift */,
				4628978D27D958B50080E663 /* TabCurve.swift */,
			);
			path = TabBar;
			sourceTree = "<group>";
		};
		46449D2027D616A700633CAE = {
			isa = PBXGroup;
			children = (
				46449D5F27D6189F00633CAE /* README.md */,
				46449D2B27D616A700633CAE /* ScannerApp */,
				46449D3C27D616A700633CAE /* ScannerAppTests */,
				46449D4627D616A700633CAE /* ScannerAppUITests */,
				46449D2A27D616A700633CAE /* Products */,
				012BB77627DDD4E9008298F5 /* Recovered References */,
			);
			sourceTree = "<group>";
		};
		46449D2A27D616A700633CAE /* Products */ = {
			isa = PBXGroup;
			children = (
				46449D2927D616A700633CAE /* ScannerApp.app */,
				46449D3927D616A700633CAE /* ScannerAppTests.xctest */,
				46449D4327D616A700633CAE /* ScannerAppUITests.xctest */,
			);
			name = Products;
			sourceTree = "<group>";
		};
		46449D2B27D616A700633CAE /* ScannerApp */ = {
			isa = PBXGroup;
			children = (
				46E534FF281151D300C569F0 /* Html */,
				46F6FDA527E2F34A0084CD30 /* Object */,
				017AD54427D9B7F400DB6E5A /* View */,
				4628978B27D745F80080E663 /* Helper */,
				46449D2C27D616A700633CAE /* ScannerAppApp.swift */,
				46E535042811592600C569F0 /* 3dviewer */,
				46449D3027D616A700633CAE /* Assets.xcassets */,
				46449D3227D616A700633CAE /* Preview Content */,
			);
			path = ScannerApp;
			sourceTree = "<group>";
		};
		46449D3227D616A700633CAE /* Preview Content */ = {
			isa = PBXGroup;
			children = (
				46449D3327D616A700633CAE /* Preview Assets.xcassets */,
			);
			path = "Preview Content";
			sourceTree = "<group>";
		};
		46449D3C27D616A700633CAE /* ScannerAppTests */ = {
			isa = PBXGroup;
			children = (
				46449D3D27D616A700633CAE /* ScannerAppTests.swift */,
			);
			path = ScannerAppTests;
			sourceTree = "<group>";
		};
		46449D4627D616A700633CAE /* ScannerAppUITests */ = {
			isa = PBXGroup;
			children = (
				46449D4727D616A700633CAE /* ScannerAppUITests.swift */,
				46449D4927D616A700633CAE /* ScannerAppUITestsLaunchTests.swift */,
			);
			path = ScannerAppUITests;
			sourceTree = "<group>";
		};
		46E534FF281151D300C569F0 /* Html */ = {
			isa = PBXGroup;
			children = (
			);
			path = Html;
			sourceTree = "<group>";
		};
		46E535042811592600C569F0 /* 3dviewer */ = {
			isa = PBXGroup;
			children = (
				46E535052811592600C569F0 /* index-2.html */,
				46E535062811592600C569F0 /* model.ply */,
				46E535072811592600C569F0 /* index.html */,
				46E535082811592600C569F0 /* o3dv */,
				46E535102811592600C569F0 /* libs */,
				46E535142811592600C569F0 /* info */,
				46E5351C2811592600C569F0 /* assets */,
			);
			path = 3dviewer;
			sourceTree = "<group>";
		};
		46E535082811592600C569F0 /* o3dv */ = {
			isa = PBXGroup;
			children = (
				46E535092811592600C569F0 /* Quicksand */,
				46E5350B2811592600C569F0 /* o3dv.website.min707e.js */,
				46E5350C2811592600C569F0 /* o3dv.website.min707e.css */,
				46E5350D2811592600C569F0 /* O3DVIcons */,
			);
			path = o3dv;
			sourceTree = "<group>";
		};
		46E535092811592600C569F0 /* Quicksand */ = {
			isa = PBXGroup;
			children = (
				46E5350A2811592600C569F0 /* Quicksand-Regular.ttf */,
			);
			path = Quicksand;
			sourceTree = "<group>";
		};
		46E5350D2811592600C569F0 /* O3DVIcons */ = {
			isa = PBXGroup;
			children = (
				46E5350E2811592600C569F0 /* checkmark.svg */,
				46E5350F2811592600C569F0 /* O3DVIconsadef.woff */,
			);
			path = O3DVIcons;
			sourceTree = "<group>";
		};
		46E535102811592600C569F0 /* libs */ = {
			isa = PBXGroup;
			children = (
				46E535112811592600C569F0 /* pickr.monolith.min707e.css */,
				46E535122811592600C569F0 /* three.min707e.js */,
				46E535132811592600C569F0 /* pickr.es5.min707e.js */,
			);
			path = libs;
			sourceTree = "<group>";
		};
		46E535142811592600C569F0 /* info */ = {
			isa = PBXGroup;
			children = (
				46E535152811592600C569F0 /* .html */,
				46E535162811592600C569F0 /* index.html */,
				46E535172811592600C569F0 /* info.css */,
				46E535182811592600C569F0 /* cookies.html */,
				46E535192811592600C569F0 /* O3DVIconsadef.woff */,
				46E5351A2811592600C569F0 /* icons.css */,
				46E5351B2811592600C569F0 /* faq.html */,
			);
			path = info;
			sourceTree = "<group>";
		};
		46E5351C2811592600C569F0 /* assets */ = {
			isa = PBXGroup;
			children = (
				46E5351D2811592600C569F0 /* images */,
			);
			path = assets;
			sourceTree = "<group>";
		};
		46E5351D2811592600C569F0 /* images */ = {
			isa = PBXGroup;
			children = (
				46E5351E2811592600C569F0 /* 3dviewer_net_logo_text.svg */,
				46E5351F2811592600C569F0 /* 3dviewer_net_logo_social.png */,
				46E535202811592600C569F0 /* 3dviewer_net_logo.svg */,
				46E535212811592600C569F0 /* 3dviewer_net_favicon.ico */,
			);
			path = images;
			sourceTree = "<group>";
		};
		46F6FDA527E2F34A0084CD30 /* Object */ = {
			isa = PBXGroup;
			children = (
				46449D5627D6170A00633CAE /* Model.swift */,
				016CD80A27DAD2B9006260B2 /* Person.swift */,
				467E9C262806BB6E00BA4261 /* ModelList.swift */,
				467E9C2E2809733100BA4261 /* Tab.swift */,
				46E65A0D2810096400D86DF9 /* TranscationsData.swift */,
				46E995B12812BB6400534961 /* QueryUserResponse.swift */,
				46632A40281409320000BB08 /* PostResponse.swift */,
				466BEE332814F51A00F5B4FD /* DeleteResponse.swift */,
			);
			path = Object;
			sourceTree = "<group>";
		};
/* End PBXGroup section */

/* Begin PBXNativeTarget section */
		46449D2827D616A700633CAE /* ScannerApp */ = {
			isa = PBXNativeTarget;
			buildConfigurationList = 46449D4D27D616A700633CAE /* Build configuration list for PBXNativeTarget "ScannerApp" */;
			buildPhases = (
				46449D2527D616A700633CAE /* Sources */,
				46449D2627D616A700633CAE /* Frameworks */,
				46449D2727D616A700633CAE /* Resources */,
			);
			buildRules = (
			);
			dependencies = (
			);
			name = ScannerApp;
			packageProductDependencies = (
				01C8298C280A9C8E004DE535 /* MultipartForm */,
				01C82993280AA019004DE535 /* MultipartForm */,
			);
			productName = ScannerApp;
			productReference = 46449D2927D616A700633CAE /* ScannerApp.app */;
			productType = "com.apple.product-type.application";
		};
		46449D3827D616A700633CAE /* ScannerAppTests */ = {
			isa = PBXNativeTarget;
			buildConfigurationList = 46449D5027D616A700633CAE /* Build configuration list for PBXNativeTarget "ScannerAppTests" */;
			buildPhases = (
				46449D3527D616A700633CAE /* Sources */,
				46449D3627D616A700633CAE /* Frameworks */,
				46449D3727D616A700633CAE /* Resources */,
			);
			buildRules = (
			);
			dependencies = (
				46449D3B27D616A700633CAE /* PBXTargetDependency */,
			);
			name = ScannerAppTests;
			productName = ScannerAppTests;
			productReference = 46449D3927D616A700633CAE /* ScannerAppTests.xctest */;
			productType = "com.apple.product-type.bundle.unit-test";
		};
		46449D4227D616A700633CAE /* ScannerAppUITests */ = {
			isa = PBXNativeTarget;
			buildConfigurationList = 46449D5327D616A700633CAE /* Build configuration list for PBXNativeTarget "ScannerAppUITests" */;
			buildPhases = (
				46449D3F27D616A700633CAE /* Sources */,
				46449D4027D616A700633CAE /* Frameworks */,
				46449D4127D616A700633CAE /* Resources */,
			);
			buildRules = (
			);
			dependencies = (
				46449D4527D616A700633CAE /* PBXTargetDependency */,
			);
			name = ScannerAppUITests;
			productName = ScannerAppUITests;
			productReference = 46449D4327D616A700633CAE /* ScannerAppUITests.xctest */;
			productType = "com.apple.product-type.bundle.ui-testing";
		};
/* End PBXNativeTarget section */

/* Begin PBXProject section */
		46449D2127D616A700633CAE /* Project object */ = {
			isa = PBXProject;
			attributes = {
				BuildIndependentTargetsInParallel = 1;
				LastSwiftUpdateCheck = 1320;
				LastUpgradeCheck = 1320;
				TargetAttributes = {
					46449D2827D616A700633CAE = {
						CreatedOnToolsVersion = 13.2.1;
					};
					46449D3827D616A700633CAE = {
						CreatedOnToolsVersion = 13.2.1;
						TestTargetID = 46449D2827D616A700633CAE;
					};
					46449D4227D616A700633CAE = {
						CreatedOnToolsVersion = 13.2.1;
						TestTargetID = 46449D2827D616A700633CAE;
					};
				};
			};
			buildConfigurationList = 46449D2427D616A700633CAE /* Build configuration list for PBXProject "ScannerApp" */;
			compatibilityVersion = "Xcode 13.0";
			developmentRegion = en;
			hasScannedForEncodings = 0;
			knownRegions = (
				en,
				Base,
			);
			mainGroup = 46449D2027D616A700633CAE;
			packageReferences = (
				46F6FD9C27E2B7130084CD30 /* XCRemoteSwiftPackageReference "MultipartForm" */,
				01C8298B280A9C8E004DE535 /* XCRemoteSwiftPackageReference "MultipartForm" */,
				01C82992280AA019004DE535 /* XCRemoteSwiftPackageReference "MultipartForm" */,
			);
			productRefGroup = 46449D2A27D616A700633CAE /* Products */;
			projectDirPath = "";
			projectRoot = "";
			targets = (
				46449D2827D616A700633CAE /* ScannerApp */,
				46449D3827D616A700633CAE /* ScannerAppTests */,
				46449D4227D616A700633CAE /* ScannerAppUITests */,
			);
		};
/* End PBXProject section */

/* Begin PBXResourcesBuildPhase section */
		46449D2727D616A700633CAE /* Resources */ = {
			isa = PBXResourcesBuildPhase;
			buildActionMask = 2147483647;
			files = (
				46E535222811594800C569F0 /* index-2.html in Resources */,
				46E535232811594800C569F0 /* model.ply in Resources */,
				46E535242811594800C569F0 /* index.html in Resources */,
				46449D6027D6189F00633CAE /* README.md in Resources */,
				012BB77127DDB646008298F5 /* chair.usdz in Resources */,
				46449D3427D616A700633CAE /* Preview Assets.xcassets in Resources */,
				46449D3127D616A700633CAE /* Assets.xcassets in Resources */,
				012BB77227DDB646008298F5 /* dragon.usdz in Resources */,
			);
			runOnlyForDeploymentPostprocessing = 0;
		};
		46449D3727D616A700633CAE /* Resources */ = {
			isa = PBXResourcesBuildPhase;
			buildActionMask = 2147483647;
			files = (
			);
			runOnlyForDeploymentPostprocessing = 0;
		};
		46449D4127D616A700633CAE /* Resources */ = {
			isa = PBXResourcesBuildPhase;
			buildActionMask = 2147483647;
			files = (
			);
			runOnlyForDeploymentPostprocessing = 0;
		};
/* End PBXResourcesBuildPhase section */

/* Begin PBXSourcesBuildPhase section */
		46449D2527D616A700633CAE /* Sources */ = {
			isa = PBXSourcesBuildPhase;
			buildActionMask = 2147483647;
			files = (
				467E9C292808145100BA4261 /* ModelDetailView.swift in Sources */,
				467FCD242802DB8000D63964 /* MultiPartFormData.swift in Sources */,
				46449D2F27D616A700633CAE /* MenuView.swift in Sources */,
				467E9C2F2809733100BA4261 /* Tab.swift in Sources */,
				46F6FDA027E2B7D90084CD30 /* UploadModelView.swift in Sources */,
				46E995B02812561300534961 /* ModelInfoRow.swift in Sources */,
				467E9C272806BB6E00BA4261 /* ModelList.swift in Sources */,
				46C474A527DDB631006075DB /* RowView.swift in Sources */,
				46A7940C27FAA93A0054B0B2 /* ImagePicker.swift in Sources */,
				4628978E27D958B50080E663 /* TabCurve.swift in Sources */,
				46E65A01280A6FB700D86DF9 /* ListItem.swift in Sources */,
				46E65A0E2810096400D86DF9 /* TranscationsData.swift in Sources */,
				016CD80927DACD96006260B2 /* AboutUsView.swift in Sources */,
				4699FE8727DEE2A500B83A72 /* NavigateRowView.swift in Sources */,
				46449D5727D6170A00633CAE /* Model.swift in Sources */,
				46C474A327DDAAD1006075DB /* SettingView.swift in Sources */,
				46449D5927D6173500633CAE /* ModelListView.swift in Sources */,
				46449D2D27D616A700633CAE /* ScannerAppApp.swift in Sources */,
				016CD80D27DADFC0006260B2 /* TopLogoBar.swift in Sources */,
				016CD80B27DAD2B9006260B2 /* Person.swift in Sources */,
				017AD54A27D9B8E200DB6E5A /* LoadingView.swift in Sources */,
				01C82998280AA060004DE535 /* InfoAlertView.swift in Sources */,
				46E995B22812BB6400534961 /* QueryUserResponse.swift in Sources */,
				466BEE342814F51A00F5B4FD /* DeleteResponse.swift in Sources */,
				016CD80F27DB09B5006260B2 /* HomePageView.swift in Sources */,
				467E9C2B28092D4500BA4261 /* UploadModelForm.swift in Sources */,
				46632A41281409320000BB08 /* PostResponse.swift in Sources */,
				4628978A27D742930080E663 /* TabBar.swift in Sources */,
				01C8298F280A9FB7004DE535 /* HomePageV2.swift in Sources */,
				4628979B27DAB3F00080E663 /* CameraView.swift in Sources */,
				467E9C3128097DBD00BA4261 /* LazyView.swift in Sources */,
				01C82996280AA044004DE535 /* PersonCard.swift in Sources */,
				467E9C2D280968BE00BA4261 /* InstructionView.swift in Sources */,
				46E534FE2811519100C569F0 /* HtmlWebView.swift in Sources */,
			);
			runOnlyForDeploymentPostprocessing = 0;
		};
		46449D3527D616A700633CAE /* Sources */ = {
			isa = PBXSourcesBuildPhase;
			buildActionMask = 2147483647;
			files = (
				46449D3E27D616A700633CAE /* ScannerAppTests.swift in Sources */,
			);
			runOnlyForDeploymentPostprocessing = 0;
		};
		46449D3F27D616A700633CAE /* Sources */ = {
			isa = PBXSourcesBuildPhase;
			buildActionMask = 2147483647;
			files = (
				46449D4827D616A700633CAE /* ScannerAppUITests.swift in Sources */,
				46449D4A27D616A700633CAE /* ScannerAppUITestsLaunchTests.swift in Sources */,
			);
			runOnlyForDeploymentPostprocessing = 0;
		};
/* End PBXSourcesBuildPhase section */

/* Begin PBXTargetDependency section */
		46449D3B27D616A700633CAE /* PBXTargetDependency */ = {
			isa = PBXTargetDependency;
			target = 46449D2827D616A700633CAE /* ScannerApp */;
			targetProxy = 46449D3A27D616A700633CAE /* PBXContainerItemProxy */;
		};
		46449D4527D616A700633CAE /* PBXTargetDependency */ = {
			isa = PBXTargetDependency;
			target = 46449D2827D616A700633CAE /* ScannerApp */;
			targetProxy = 46449D4427D616A700633CAE /* PBXContainerItemProxy */;
		};
/* End PBXTargetDependency section */

/* Begin XCBuildConfiguration section */
		46449D4B27D616A700633CAE /* Debug */ = {
			isa = XCBuildConfiguration;
			buildSettings = {
				ALWAYS_SEARCH_USER_PATHS = NO;
				CLANG_ANALYZER_NONNULL = YES;
				CLANG_ANALYZER_NUMBER_OBJECT_CONVERSION = YES_AGGRESSIVE;
				CLANG_CXX_LANGUAGE_STANDARD = "gnu++17";
				CLANG_CXX_LIBRARY = "libc++";
				CLANG_ENABLE_MODULES = YES;
				CLANG_ENABLE_OBJC_ARC = YES;
				CLANG_ENABLE_OBJC_WEAK = YES;
				CLANG_WARN_BLOCK_CAPTURE_AUTORELEASING = YES;
				CLANG_WARN_BOOL_CONVERSION = YES;
				CLANG_WARN_COMMA = YES;
				CLANG_WARN_CONSTANT_CONVERSION = YES;
				CLANG_WARN_DEPRECATED_OBJC_IMPLEMENTATIONS = YES;
				CLANG_WARN_DIRECT_OBJC_ISA_USAGE = YES_ERROR;
				CLANG_WARN_DOCUMENTATION_COMMENTS = YES;
				CLANG_WARN_EMPTY_BODY = YES;
				CLANG_WARN_ENUM_CONVERSION = YES;
				CLANG_WARN_INFINITE_RECURSION = YES;
				CLANG_WARN_INT_CONVERSION = YES;
				CLANG_WARN_NON_LITERAL_NULL_CONVERSION = YES;
				CLANG_WARN_OBJC_IMPLICIT_RETAIN_SELF = YES;
				CLANG_WARN_OBJC_LITERAL_CONVERSION = YES;
				CLANG_WARN_OBJC_ROOT_CLASS = YES_ERROR;
				CLANG_WARN_QUOTED_INCLUDE_IN_FRAMEWORK_HEADER = YES;
				CLANG_WARN_RANGE_LOOP_ANALYSIS = YES;
				CLANG_WARN_STRICT_PROTOTYPES = YES;
				CLANG_WARN_SUSPICIOUS_MOVE = YES;
				CLANG_WARN_UNGUARDED_AVAILABILITY = YES_AGGRESSIVE;
				CLANG_WARN_UNREACHABLE_CODE = YES;
				CLANG_WARN__DUPLICATE_METHOD_MATCH = YES;
				COPY_PHASE_STRIP = NO;
				DEBUG_INFORMATION_FORMAT = dwarf;
				ENABLE_STRICT_OBJC_MSGSEND = YES;
				ENABLE_TESTABILITY = YES;
				GCC_C_LANGUAGE_STANDARD = gnu11;
				GCC_DYNAMIC_NO_PIC = NO;
				GCC_NO_COMMON_BLOCKS = YES;
				GCC_OPTIMIZATION_LEVEL = 0;
				GCC_PREPROCESSOR_DEFINITIONS = (
					"DEBUG=1",
					"$(inherited)",
				);
				GCC_WARN_64_TO_32_BIT_CONVERSION = YES;
				GCC_WARN_ABOUT_RETURN_TYPE = YES_ERROR;
				GCC_WARN_UNDECLARED_SELECTOR = YES;
				GCC_WARN_UNINITIALIZED_AUTOS = YES_AGGRESSIVE;
				GCC_WARN_UNUSED_FUNCTION = YES;
				GCC_WARN_UNUSED_VARIABLE = YES;
				IPHONEOS_DEPLOYMENT_TARGET = 15.2;
				MTL_ENABLE_DEBUG_INFO = INCLUDE_SOURCE;
				MTL_FAST_MATH = YES;
				ONLY_ACTIVE_ARCH = YES;
				SDKROOT = iphoneos;
				SWIFT_ACTIVE_COMPILATION_CONDITIONS = DEBUG;
				SWIFT_OPTIMIZATION_LEVEL = "-Onone";
			};
			name = Debug;
		};
		46449D4C27D616A700633CAE /* Release */ = {
			isa = XCBuildConfiguration;
			buildSettings = {
				ALWAYS_SEARCH_USER_PATHS = NO;
				CLANG_ANALYZER_NONNULL = YES;
				CLANG_ANALYZER_NUMBER_OBJECT_CONVERSION = YES_AGGRESSIVE;
				CLANG_CXX_LANGUAGE_STANDARD = "gnu++17";
				CLANG_CXX_LIBRARY = "libc++";
				CLANG_ENABLE_MODULES = YES;
				CLANG_ENABLE_OBJC_ARC = YES;
				CLANG_ENABLE_OBJC_WEAK = YES;
				CLANG_WARN_BLOCK_CAPTURE_AUTORELEASING = YES;
				CLANG_WARN_BOOL_CONVERSION = YES;
				CLANG_WARN_COMMA = YES;
				CLANG_WARN_CONSTANT_CONVERSION = YES;
				CLANG_WARN_DEPRECATED_OBJC_IMPLEMENTATIONS = YES;
				CLANG_WARN_DIRECT_OBJC_ISA_USAGE = YES_ERROR;
				CLANG_WARN_DOCUMENTATION_COMMENTS = YES;
				CLANG_WARN_EMPTY_BODY = YES;
				CLANG_WARN_ENUM_CONVERSION = YES;
				CLANG_WARN_INFINITE_RECURSION = YES;
				CLANG_WARN_INT_CONVERSION = YES;
				CLANG_WARN_NON_LITERAL_NULL_CONVERSION = YES;
				CLANG_WARN_OBJC_IMPLICIT_RETAIN_SELF = YES;
				CLANG_WARN_OBJC_LITERAL_CONVERSION = YES;
				CLANG_WARN_OBJC_ROOT_CLASS = YES_ERROR;
				CLANG_WARN_QUOTED_INCLUDE_IN_FRAMEWORK_HEADER = YES;
				CLANG_WARN_RANGE_LOOP_ANALYSIS = YES;
				CLANG_WARN_STRICT_PROTOTYPES = YES;
				CLANG_WARN_SUSPICIOUS_MOVE = YES;
				CLANG_WARN_UNGUARDED_AVAILABILITY = YES_AGGRESSIVE;
				CLANG_WARN_UNREACHABLE_CODE = YES;
				CLANG_WARN__DUPLICATE_METHOD_MATCH = YES;
				COPY_PHASE_STRIP = NO;
				DEBUG_INFORMATION_FORMAT = "dwarf-with-dsym";
				ENABLE_NS_ASSERTIONS = NO;
				ENABLE_STRICT_OBJC_MSGSEND = YES;
				GCC_C_LANGUAGE_STANDARD = gnu11;
				GCC_NO_COMMON_BLOCKS = YES;
				GCC_WARN_64_TO_32_BIT_CONVERSION = YES;
				GCC_WARN_ABOUT_RETURN_TYPE = YES_ERROR;
				GCC_WARN_UNDECLARED_SELECTOR = YES;
				GCC_WARN_UNINITIALIZED_AUTOS = YES_AGGRESSIVE;
				GCC_WARN_UNUSED_FUNCTION = YES;
				GCC_WARN_UNUSED_VARIABLE = YES;
				IPHONEOS_DEPLOYMENT_TARGET = 15.2;
				MTL_ENABLE_DEBUG_INFO = NO;
				MTL_FAST_MATH = YES;
				SDKROOT = iphoneos;
				SWIFT_COMPILATION_MODE = wholemodule;
				SWIFT_OPTIMIZATION_LEVEL = "-O";
				VALIDATE_PRODUCT = YES;
			};
			name = Release;
		};
		46449D4E27D616A700633CAE /* Debug */ = {
			isa = XCBuildConfiguration;
			buildSettings = {
				ASSETCATALOG_COMPILER_APPICON_NAME = AppIcon;
				ASSETCATALOG_COMPILER_GLOBAL_ACCENT_COLOR_NAME = AccentColor;
				CODE_SIGN_IDENTITY = "Apple Development";
				CODE_SIGN_STYLE = Automatic;
				CURRENT_PROJECT_VERSION = 1;
				DEVELOPMENT_ASSET_PATHS = "\"ScannerApp/Preview Content\"";
				DEVELOPMENT_TEAM = WU9YUJ5Z9G;
				ENABLE_PREVIEWS = YES;
				GENERATE_INFOPLIST_FILE = YES;
				INFOPLIST_FILE = ScannerApp/Info.plist;
				INFOPLIST_KEY_NSCameraUsageDescription = "";
				INFOPLIST_KEY_NSPhotoLibraryUsageDescription = "";
				INFOPLIST_KEY_UIApplicationSceneManifest_Generation = YES;
				INFOPLIST_KEY_UIApplicationSupportsIndirectInputEvents = YES;
				INFOPLIST_KEY_UILaunchScreen_Generation = YES;
				INFOPLIST_KEY_UISupportedInterfaceOrientations_iPad = "UIInterfaceOrientationPortrait UIInterfaceOrientationPortraitUpsideDown UIInterfaceOrientationLandscapeLeft UIInterfaceOrientationLandscapeRight";
				INFOPLIST_KEY_UISupportedInterfaceOrientations_iPhone = "UIInterfaceOrientationPortrait UIInterfaceOrientationLandscapeLeft UIInterfaceOrientationLandscapeRight";
				LD_RUNPATH_SEARCH_PATHS = (
					"$(inherited)",
					"@executable_path/Frameworks",
				);
				MARKETING_VERSION = 1.0;
				PRODUCT_BUNDLE_IDENTIFIER = Jackielai.ScannerApp.com;
				PRODUCT_NAME = "$(TARGET_NAME)";
				PROVISIONING_PROFILE_SPECIFIER = "";
				SWIFT_EMIT_LOC_STRINGS = YES;
				SWIFT_VERSION = 5.0;
				TARGETED_DEVICE_FAMILY = "1,2";
			};
			name = Debug;
		};
		46449D4F27D616A700633CAE /* Release */ = {
			isa = XCBuildConfiguration;
			buildSettings = {
				ASSETCATALOG_COMPILER_APPICON_NAME = AppIcon;
				ASSETCATALOG_COMPILER_GLOBAL_ACCENT_COLOR_NAME = AccentColor;
				CODE_SIGN_IDENTITY = "Apple Development";
				CODE_SIGN_STYLE = Automatic;
				CURRENT_PROJECT_VERSION = 1;
				DEVELOPMENT_ASSET_PATHS = "\"ScannerApp/Preview Content\"";
				DEVELOPMENT_TEAM = WU9YUJ5Z9G;
				ENABLE_PREVIEWS = YES;
				GENERATE_INFOPLIST_FILE = YES;
				INFOPLIST_FILE = ScannerApp/Info.plist;
				INFOPLIST_KEY_NSCameraUsageDescription = "";
				INFOPLIST_KEY_NSPhotoLibraryUsageDescription = "";
				INFOPLIST_KEY_UIApplicationSceneManifest_Generation = YES;
				INFOPLIST_KEY_UIApplicationSupportsIndirectInputEvents = YES;
				INFOPLIST_KEY_UILaunchScreen_Generation = YES;
				INFOPLIST_KEY_UISupportedInterfaceOrientations_iPad = "UIInterfaceOrientationPortrait UIInterfaceOrientationPortraitUpsideDown UIInterfaceOrientationLandscapeLeft UIInterfaceOrientationLandscapeRight";
				INFOPLIST_KEY_UISupportedInterfaceOrientations_iPhone = "UIInterfaceOrientationPortrait UIInterfaceOrientationLandscapeLeft UIInterfaceOrientationLandscapeRight";
				LD_RUNPATH_SEARCH_PATHS = (
					"$(inherited)",
					"@executable_path/Frameworks",
				);
				MARKETING_VERSION = 1.0;
				PRODUCT_BUNDLE_IDENTIFIER = Jackielai.ScannerApp.com;
				PRODUCT_NAME = "$(TARGET_NAME)";
				PROVISIONING_PROFILE_SPECIFIER = "";
				SWIFT_EMIT_LOC_STRINGS = YES;
				SWIFT_VERSION = 5.0;
				TARGETED_DEVICE_FAMILY = "1,2";
			};
			name = Release;
		};
		46449D5127D616A700633CAE /* Debug */ = {
			isa = XCBuildConfiguration;
			buildSettings = {
				ALWAYS_EMBED_SWIFT_STANDARD_LIBRARIES = YES;
				BUNDLE_LOADER = "$(TEST_HOST)";
				CODE_SIGN_STYLE = Automatic;
				CURRENT_PROJECT_VERSION = 1;
				DEVELOPMENT_TEAM = WU9YUJ5Z9G;
				GENERATE_INFOPLIST_FILE = YES;
				IPHONEOS_DEPLOYMENT_TARGET = 15.2;
				MARKETING_VERSION = 1.0;
				PRODUCT_BUNDLE_IDENTIFIER = Jackielai.ScannerAppTests;
				PRODUCT_NAME = "$(TARGET_NAME)";
				SWIFT_EMIT_LOC_STRINGS = NO;
				SWIFT_VERSION = 5.0;
				TARGETED_DEVICE_FAMILY = "1,2";
				TEST_HOST = "$(BUILT_PRODUCTS_DIR)/ScannerApp.app/ScannerApp";
			};
			name = Debug;
		};
		46449D5227D616A700633CAE /* Release */ = {
			isa = XCBuildConfiguration;
			buildSettings = {
				ALWAYS_EMBED_SWIFT_STANDARD_LIBRARIES = YES;
				BUNDLE_LOADER = "$(TEST_HOST)";
				CODE_SIGN_STYLE = Automatic;
				CURRENT_PROJECT_VERSION = 1;
				DEVELOPMENT_TEAM = WU9YUJ5Z9G;
				GENERATE_INFOPLIST_FILE = YES;
				IPHONEOS_DEPLOYMENT_TARGET = 15.2;
				MARKETING_VERSION = 1.0;
				PRODUCT_BUNDLE_IDENTIFIER = Jackielai.ScannerAppTests;
				PRODUCT_NAME = "$(TARGET_NAME)";
				SWIFT_EMIT_LOC_STRINGS = NO;
				SWIFT_VERSION = 5.0;
				TARGETED_DEVICE_FAMILY = "1,2";
				TEST_HOST = "$(BUILT_PRODUCTS_DIR)/ScannerApp.app/ScannerApp";
			};
			name = Release;
		};
		46449D5427D616A700633CAE /* Debug */ = {
			isa = XCBuildConfiguration;
			buildSettings = {
				ALWAYS_EMBED_SWIFT_STANDARD_LIBRARIES = YES;
				CODE_SIGN_STYLE = Automatic;
				CURRENT_PROJECT_VERSION = 1;
				DEVELOPMENT_TEAM = WU9YUJ5Z9G;
				GENERATE_INFOPLIST_FILE = YES;
				MARKETING_VERSION = 1.0;
				PRODUCT_BUNDLE_IDENTIFIER = Jackielai.ScannerAppUITests;
				PRODUCT_NAME = "$(TARGET_NAME)";
				SWIFT_EMIT_LOC_STRINGS = NO;
				SWIFT_VERSION = 5.0;
				TARGETED_DEVICE_FAMILY = "1,2";
				TEST_TARGET_NAME = ScannerApp;
			};
			name = Debug;
		};
		46449D5527D616A700633CAE /* Release */ = {
			isa = XCBuildConfiguration;
			buildSettings = {
				ALWAYS_EMBED_SWIFT_STANDARD_LIBRARIES = YES;
				CODE_SIGN_STYLE = Automatic;
				CURRENT_PROJECT_VERSION = 1;
				DEVELOPMENT_TEAM = WU9YUJ5Z9G;
				GENERATE_INFOPLIST_FILE = YES;
				MARKETING_VERSION = 1.0;
				PRODUCT_BUNDLE_IDENTIFIER = Jackielai.ScannerAppUITests;
				PRODUCT_NAME = "$(TARGET_NAME)";
				SWIFT_EMIT_LOC_STRINGS = NO;
				SWIFT_VERSION = 5.0;
				TARGETED_DEVICE_FAMILY = "1,2";
				TEST_TARGET_NAME = ScannerApp;
			};
			name = Release;
		};
/* End XCBuildConfiguration section */

/* Begin XCConfigurationList section */
		46449D2427D616A700633CAE /* Build configuration list for PBXProject "ScannerApp" */ = {
			isa = XCConfigurationList;
			buildConfigurations = (
				46449D4B27D616A700633CAE /* Debug */,
				46449D4C27D616A700633CAE /* Release */,
			);
			defaultConfigurationIsVisible = 0;
			defaultConfigurationName = Release;
		};
		46449D4D27D616A700633CAE /* Build configuration list for PBXNativeTarget "ScannerApp" */ = {
			isa = XCConfigurationList;
			buildConfigurations = (
				46449D4E27D616A700633CAE /* Debug */,
				46449D4F27D616A700633CAE /* Release */,
			);
			defaultConfigurationIsVisible = 0;
			defaultConfigurationName = Release;
		};
		46449D5027D616A700633CAE /* Build configuration list for PBXNativeTarget "ScannerAppTests" */ = {
			isa = XCConfigurationList;
			buildConfigurations = (
				46449D5127D616A700633CAE /* Debug */,
				46449D5227D616A700633CAE /* Release */,
			);
			defaultConfigurationIsVisible = 0;
			defaultConfigurationName = Release;
		};
		46449D5327D616A700633CAE /* Build configuration list for PBXNativeTarget "ScannerAppUITests" */ = {
			isa = XCConfigurationList;
			buildConfigurations = (
				46449D5427D616A700633CAE /* Debug */,
				46449D5527D616A700633CAE /* Release */,
			);
			defaultConfigurationIsVisible = 0;
			defaultConfigurationName = Release;
		};
/* End XCConfigurationList section */

/* Begin XCRemoteSwiftPackageReference section */
		01C8298B280A9C8E004DE535 /* XCRemoteSwiftPackageReference "MultipartForm" */ = {
			isa = XCRemoteSwiftPackageReference;
			repositoryURL = "https://github.com/davbeck/MultipartForm.git";
			requirement = {
				kind = upToNextMajorVersion;
				minimumVersion = 0.1.0;
			};
		};
		01C82992280AA019004DE535 /* XCRemoteSwiftPackageReference "MultipartForm" */ = {
			isa = XCRemoteSwiftPackageReference;
			repositoryURL = "https://github.com/davbeck/MultipartForm.git";
			requirement = {
				branch = master;
				kind = branch;
			};
		};
		46F6FD9C27E2B7130084CD30 /* XCRemoteSwiftPackageReference "MultipartForm" */ = {
			isa = XCRemoteSwiftPackageReference;
			repositoryURL = "https://github.com/davbeck/MultipartForm";
			requirement = {
				kind = upToNextMajorVersion;
				minimumVersion = 0.1.0;
			};
		};
/* End XCRemoteSwiftPackageReference section */

/* Begin XCSwiftPackageProductDependency section */
		01C8298C280A9C8E004DE535 /* MultipartForm */ = {
			isa = XCSwiftPackageProductDependency;
			package = 01C8298B280A9C8E004DE535 /* XCRemoteSwiftPackageReference "MultipartForm" */;
			productName = MultipartForm;
		};
		01C82993280AA019004DE535 /* MultipartForm */ = {
			isa = XCSwiftPackageProductDependency;
			package = 01C82992280AA019004DE535 /* XCRemoteSwiftPackageReference "MultipartForm" */;
			productName = MultipartForm;
		};
/* End XCSwiftPackageProductDependency section */
	};
	rootObject = 46449D2127D616A700633CAE /* Project object */;
}
